
Microsoft Visual Studio Solution File, Format Version 12.00
# Visual Studio Version 17
VisualStudioVersion = 17.10.35027.167
MinimumVisualStudioVersion = 10.0.40219.1
Project("{FAE04EC0-301F-11D3-BF4B-00C04F79EFBC}") = "Sorting Algorithmss", "Sorting Algorithmss\Sorting Algorithmss.csproj", "{BD041F2C-71E0-49CB-9059-3AF0C9C2C7DA}"
EndProject
Global
	GlobalSection(SolutionConfigurationPlatforms) = preSolution
		Debug|Any CPU = Debug|Any CPU
		Release|Any CPU = Release|Any CPU
	EndGlobalSection
	GlobalSection(ProjectConfigurationPlatforms) = postSolution
		{BD041F2C-71E0-49CB-9059-3AF0C9C2C7DA}.Debug|Any CPU.ActiveCfg = Debug|Any CPU
		{BD041F2C-71E0-49CB-9059-3AF0C9C2C7DA}.Debug|Any CPU.Build.0 = Debug|Any CPU
		{BD041F2C-71E0-49CB-9059-3AF0C9C2C7DA}.Release|Any CPU.ActiveCfg = Release|Any CPU
		{BD041F2C-71E0-49CB-9059-3AF0C9C2C7DA}.Release|Any CPU.Build.0 = Release|Any CPU
	EndGlobalSection
	GlobalSection(SolutionProperties) = preSolution
		HideSolutionNode = FALSE
	EndGlobalSection
	GlobalSection(ExtensibilityGlobals) = postSolution
		SolutionGuid = {D2ADED0F-1498-4F60-808A-B71C173F71F2}
	EndGlobalSection
EndGlobal
